{
  "name": "run",
  "lockfileVersion": 3,
  "requires": true,
  "packages": {
    "": {
      "dependencies": {
        "tea-properties": "latest"
      }
    },
    "node_modules/tea-properties": {
      "version": "0.1.1",
      "resolved": "https://registry.npmjs.org/tea-properties/-/tea-properties-0.1.1.tgz",
      "integrity": "sha512-72mZ4pvwv+pMJ9Y03+9R9vDYWKV4Ly7u8lx4okX1wVsnC+rwC8P0Q4lkdBs49OJYPOHx7VAr2KHq4KS/GmvR6A==",
      "license": "MIT",
      "engines": {
        "node": "*"
      }
    }
  }
}
