{
  "name": "run",
  "lockfileVersion": 3,
  "requires": true,
  "packages": {
    "": {
      "dependencies": {
        "is-primitive": "latest",
        "plain-object-clone": "latest"
      }
    },
    "node_modules/is-primitive": {
      "version": "3.0.1",
      "resolved": "https://registry.npmjs.org/is-primitive/-/is-primitive-3.0.1.tgz",
      "integrity": "sha512-GljRxhWvlCNRfZyORiH77FwdFwGcMO620o37EOYC0ORWdq+WYNVqW0w2Juzew4M+L81l6/QS3t5gkkihyRqv9w==",
      "license": "MIT",
      "engines": {
        "node": ">=0.10.0"
      }
    },
    "node_modules/plain-object-clone": {
      "version": "2.0.1",
      "resolved": "https://registry.npmjs.org/plain-object-clone/-/plain-object-clone-2.0.1.tgz",
      "integrity": "sha512-oUi2IfEhkbYLD7UE1XZA1b2WshjTUicXlca0BR3kAwi1CABfTT1GaQrM5hz/itVEL9YyLBFwh28HfG6dY6zFWQ==",
      "license": "MIT"
    }
  }
}
