{
  "name": "run",
  "lockfileVersion": 3,
  "requires": true,
  "packages": {
    "": {
      "dependencies": {
        "lutils-typeof": "latest"
      }
    },
    "node_modules/lutils-typeof": {
      "version": "0.2.5",
      "resolved": "https://registry.npmjs.org/lutils-typeof/-/lutils-typeof-0.2.5.tgz",
      "integrity": "sha512-Ulgt8iHUlnCnobdMSIoiSKGU0xKj/w5OnyF0MrS0x64wz2eIYcOso+c/9Rf8zJCPuogwXkhv2+BaGynEfjuLNQ=="
    }
  }
}
