{
  "name": "run",
  "lockfileVersion": 3,
  "requires": true,
  "packages": {
    "": {
      "dependencies": {
        "decal": "^2.1.3"
      }
    },
    "node_modules/decal": {
      "version": "2.1.3",
      "resolved": "https://registry.npmjs.org/decal/-/decal-2.1.3.tgz",
      "integrity": "sha512-St01QM8RJTE7Tp5Ix1gg/+n8oky3OFTB61GyRSrgD6zzjhBmSnuR4pd89r8W2hsfRfEx4S913LoULG9G6zJpWQ==",
      "license": "MIT"
    }
  }
}
