{
  "name": "run",
  "lockfileVersion": 3,
  "requires": true,
  "packages": {
    "": {
      "dependencies": {
        "is-obj": "latest"
      }
    },
    "node_modules/is-obj": {
      "version": "3.0.0",
      "resolved": "https://registry.npmjs.org/is-obj/-/is-obj-3.0.0.tgz",
      "integrity": "sha512-IlsXEHOjtKhpN8r/tRFj2nDyTmHvcfNeu/nrRIcXE17ROeatXchkojffa1SpdqW4cr/Fj6QkEf/Gn4zf6KKvEQ==",
      "license": "MIT",
      "engines": {
        "node": ">=12"
      },
      "funding": {
        "url": "https://github.com/sponsors/sindresorhus"
      }
    }
  }
}
