{
  "name": "run",
  "lockfileVersion": 3,
  "requires": true,
  "packages": {
    "": {
      "dependencies": {
        "ssr-window": "latest"
      }
    },
    "node_modules/ssr-window": {
      "version": "5.0.1",
      "resolved": "https://registry.npmjs.org/ssr-window/-/ssr-window-5.0.1.tgz",
      "integrity": "sha512-WVXlhQsm54HC+FnJfEbccEgNF7mKXtnFUB8Xn7rx2dsWHOlBdqezdX88Vjh6pVGaa0ZvL+PoSu7rEcBuNmxt6g==",
      "license": "MIT"
    }
  }
}
