{
  "name": "run",
  "lockfileVersion": 3,
  "requires": true,
  "packages": {
    "": {
      "dependencies": {
        "rdf-graph-abstract": "latest"
      }
    },
    "node_modules/rdf-graph-abstract": {
      "version": "0.3.0",
      "resolved": "https://registry.npmjs.org/rdf-graph-abstract/-/rdf-graph-abstract-0.3.0.tgz",
      "integrity": "sha512-5FBWirDfy6bCfpobfbMuwWkoes55VntKFADAVWubjPVuSgNfjmpKCUs/H3+6wgA0hc02GP0pe3l4WHm6Imtc0g==",
      "deprecated": "This package is no longer maintained",
      "license": "MIT",
      "dependencies": {
        "rdf-normalize": "^0.3.0"
      }
    },
    "node_modules/rdf-normalize": {
      "version": "0.3.0",
      "resolved": "https://registry.npmjs.org/rdf-normalize/-/rdf-normalize-0.3.0.tgz",
      "integrity": "sha512-g4a6jx1Ntz+HBzC6MrwaJNiCnPkb0Tml63s+gIyQVUPpDXbHRNKDS3qUShHpZx/3kSHHgb5/4AkufdlM5aXXIg==",
      "license": "MIT"
    }
  }
}
