{
  "name": "run",
  "lockfileVersion": 3,
  "requires": true,
  "packages": {
    "": {
      "dependencies": {
        "extendible": "latest"
      }
    },
    "node_modules/extendible": {
      "version": "0.1.1",
      "resolved": "https://registry.npmjs.org/extendible/-/extendible-0.1.1.tgz",
      "integrity": "sha512-AglckQA0TJV8/ZmhQcNmaaFcFFPXFIoZbfuoQOlGDK7Jh/roWotYzJ7ik1FBBCHBr8n7CgTR8lXXPAN8Rfb7rw==",
      "license": "MIT"
    }
  }
}
