{
  "name": "run",
  "lockfileVersion": 3,
  "requires": true,
  "packages": {
    "": {
      "dependencies": {
        "deep-set": "latest"
      }
    },
    "node_modules/deep-set": {
      "version": "1.0.1",
      "resolved": "https://registry.npmjs.org/deep-set/-/deep-set-1.0.1.tgz",
      "integrity": "sha512-oVIXCF5l86cjc9samIJzejpxLHI9jsW5WbltEx2mnXV8bLmbB/uXEZE9uBtfSHSmUqtwJF+SQSx+BkaQQHLKZA==",
      "deprecated": "Package no longer supported. Please use lodash.set (https://lodash.com/docs/4.17.15#set)",
      "license": "MIT"
    }
  }
}
