{
  "name": "run",
  "lockfileVersion": 3,
  "requires": true,
  "packages": {
    "": {
      "dependencies": {
        "is": "latest"
      }
    },
    "node_modules/is": {
      "version": "3.3.2",
      "resolved": "https://registry.npmjs.org/is/-/is-3.3.2.tgz",
      "integrity": "sha512-a2xr4E3s1PjDS8ORcGgXpWx6V+liNs+O3JRD2mb9aeugD7rtkkZ0zgLdYgw0tWsKhsdiezGYptSiMlVazCBTuQ==",
      "license": "MIT",
      "engines": {
        "node": ">= 0.4"
      }
    }
  }
}
