{
  "name": "run",
  "lockfileVersion": 3,
  "requires": true,
  "packages": {
    "": {
      "dependencies": {
        "gedi-paths": "latest",
        "gel-js": "latest",
        "spec-js": "latest"
      }
    },
    "node_modules/clean-merge": {
      "version": "1.0.0",
      "resolved": "https://registry.npmjs.org/clean-merge/-/clean-merge-1.0.0.tgz",
      "integrity": "sha512-/47XGaK1zHjRRGX3/I0XzVbnI9rCEpyUhYSw8VBb4rQsM5n2qrxulkNZAw+iZBYADjTr7pD+0+z1g3XPPhMIbQ==",
      "license": "ISC"
    },
    "node_modules/gedi-paths": {
      "version": "1.0.4",
      "resolved": "https://registry.npmjs.org/gedi-paths/-/gedi-paths-1.0.4.tgz",
      "integrity": "sha512-Rm80qUIRXY1sJER79Bt1Qcsl4DukQ1cUyr6NFEcaZ8Vor/BxKRrCHlBgCXhq7ITK8Y7Rg8FnH8lqLCmTUG8gIA=="
    },
    "node_modules/gel-js": {
      "version": "1.11.8",
      "resolved": "https://registry.npmjs.org/gel-js/-/gel-js-1.11.8.tgz",
      "integrity": "sha512-2b4yJAJfvZfZ0tmKLNcQXirazJh1pxhpTq3VNSdsJOV8LPQrq1Xj+O8T5wLL8n0zgrOdWYmG+S/U9c9YK9MeAQ==",
      "license": "MIT",
      "dependencies": {
        "clean-merge": "^1.0.0",
        "gedi-paths": "^1.0.0",
        "lang-js": "^2.0.0",
        "merge": "^1.2.0",
        "spec-js": "^1.0.0"
      },
      "engines": {
        "node": ">=0.6"
      }
    },
    "node_modules/lang-js": {
      "version": "2.2.1",
      "resolved": "https://registry.npmjs.org/lang-js/-/lang-js-2.2.1.tgz",
      "integrity": "sha512-90RmSNBaGrCjFER7MlytBUbF9XnIhJilfdJep2SRVa1jttadsq4ri4wvx33hP+BurrS48ORGtwmGodx6jbTEHQ==",
      "dependencies": {
        "spec-js": "^1.0.0"
      }
    },
    "node_modules/merge": {
      "version": "1.2.1",
      "resolved": "https://registry.npmjs.org/merge/-/merge-1.2.1.tgz",
      "integrity": "sha512-VjFo4P5Whtj4vsLzsYBu5ayHhoHJ0UqNm7ibvShmbmoz7tGi0vXaoJbGdB+GmDMLUdg8DpQXEIeVDAe8MaABvQ==",
      "license": "MIT"
    },
    "node_modules/spec-js": {
      "version": "1.0.0",
      "resolved": "https://registry.npmjs.org/spec-js/-/spec-js-1.0.0.tgz",
      "integrity": "sha512-LP57aczVwrG4JCDabmw3pVnSlNv15RYCL6/2KJ1N4uw1go2371ew+TQAn64HtrRAW+3Qi1vH3BfmY1vCQBWBwQ=="
    }
  }
}
