{
  "name": "run",
  "lockfileVersion": 3,
  "requires": true,
  "packages": {
    "": {
      "dependencies": {
        "esprima": "latest",
        "hoister": "latest"
      }
    },
    "node_modules/esprima": {
      "version": "4.0.1",
      "resolved": "https://registry.npmjs.org/esprima/-/esprima-4.0.1.tgz",
      "integrity": "sha512-eGuFFw7Upda+g4p+QHvnW0RyTX/SVeJBDM/gCtMARO0cLuT2HcEKnTPvhjV6aGeqrCB/sbNop0Kszm0jsaWU4A==",
      "license": "BSD-2-Clause",
      "bin": {
        "esparse": "bin/esparse.js",
        "esvalidate": "bin/esvalidate.js"
      },
      "engines": {
        "node": ">=4"
      }
    },
    "node_modules/hoister": {
      "version": "0.0.2",
      "resolved": "https://registry.npmjs.org/hoister/-/hoister-0.0.2.tgz",
      "integrity": "sha512-Qihd2RIGO06QaSPI4Z/ldA9GvD7lK6/wo+e0EMSzXI8BPEJMGANi2yQVa3ltPlcTTI8WCIV9XAFsU9pnK4sLmw==",
      "license": "MIT"
    }
  }
}
